
Microsoft Visual Studio Solution File, Format Version 12.00
# Visual Studio Version 17
VisualStudioVersion = 17.13.35931.197
MinimumVisualStudioVersion = 10.0.40219.1
Project("{FAE04EC0-301F-11D3-BF4B-00C04F79EFBC}") = "Core_Proje", "Core_Proje\Core_Proje.csproj", "{50857EE2-BA1D-48D2-9C00-B6EB1E897A1C}"
EndProject
Project("{FAE04EC0-301F-11D3-BF4B-00C04F79EFBC}") = "BusinessLayer", "BusinessLayers\BusinessLayer.csproj", "{55D2F7F8-3699-46C8-AD77-A71D87D280BA}"
EndProject
Project("{FAE04EC0-301F-11D3-BF4B-00C04F79EFBC}") = "DataAccessLayer", "DataAccessLayer\DataAccessLayer.csproj", "{C9907236-2AFC-4429-BA3D-E4BCD4364BAC}"
EndProject
Project("{FAE04EC0-301F-11D3-BF4B-00C04F79EFBC}") = "EntityLayer", "EntityLayer\EntityLayer.csproj", "{E707E6ED-D269-475E-9114-8B896775874B}"
EndProject
Project("{FAE04EC0-301F-11D3-BF4B-00C04F79EFBC}") = "Core_Proje_Api", "Core_Proje_Api\Core_Proje_Api.csproj", "{D7B809A6-3BB0-47AA-975D-A6ED00489A1E}"
EndProject
Global
	GlobalSection(SolutionConfigurationPlatforms) = preSolution
		Debug|Any CPU = Debug|Any CPU
		Release|Any CPU = Release|Any CPU
	EndGlobalSection
	GlobalSection(ProjectConfigurationPlatforms) = postSolution
		{50857EE2-BA1D-48D2-9C00-B6EB1E897A1C}.Debug|Any CPU.ActiveCfg = Debug|Any CPU
		{50857EE2-BA1D-48D2-9C00-B6EB1E897A1C}.Debug|Any CPU.Build.0 = Debug|Any CPU
		{50857EE2-BA1D-48D2-9C00-B6EB1E897A1C}.Release|Any CPU.ActiveCfg = Release|Any CPU
		{50857EE2-BA1D-48D2-9C00-B6EB1E897A1C}.Release|Any CPU.Build.0 = Release|Any CPU
		{55D2F7F8-3699-46C8-AD77-A71D87D280BA}.Debug|Any CPU.ActiveCfg = Debug|Any CPU
		{55D2F7F8-3699-46C8-AD77-A71D87D280BA}.Debug|Any CPU.Build.0 = Debug|Any CPU
		{55D2F7F8-3699-46C8-AD77-A71D87D280BA}.Release|Any CPU.ActiveCfg = Release|Any CPU
		{55D2F7F8-3699-46C8-AD77-A71D87D280BA}.Release|Any CPU.Build.0 = Release|Any CPU
		{C9907236-2AFC-4429-BA3D-E4BCD4364BAC}.Debug|Any CPU.ActiveCfg = Debug|Any CPU
		{C9907236-2AFC-4429-BA3D-E4BCD4364BAC}.Debug|Any CPU.Build.0 = Debug|Any CPU
		{C9907236-2AFC-4429-BA3D-E4BCD4364BAC}.Release|Any CPU.ActiveCfg = Release|Any CPU
		{C9907236-2AFC-4429-BA3D-E4BCD4364BAC}.Release|Any CPU.Build.0 = Release|Any CPU
		{E707E6ED-D269-475E-9114-8B896775874B}.Debug|Any CPU.ActiveCfg = Debug|Any CPU
		{E707E6ED-D269-475E-9114-8B896775874B}.Debug|Any CPU.Build.0 = Debug|Any CPU
		{E707E6ED-D269-475E-9114-8B896775874B}.Release|Any CPU.ActiveCfg = Release|Any CPU
		{E707E6ED-D269-475E-9114-8B896775874B}.Release|Any CPU.Build.0 = Release|Any CPU
		{D7B809A6-3BB0-47AA-975D-A6ED00489A1E}.Debug|Any CPU.ActiveCfg = Debug|Any CPU
		{D7B809A6-3BB0-47AA-975D-A6ED00489A1E}.Debug|Any CPU.Build.0 = Debug|Any CPU
		{D7B809A6-3BB0-47AA-975D-A6ED00489A1E}.Release|Any CPU.ActiveCfg = Release|Any CPU
		{D7B809A6-3BB0-47AA-975D-A6ED00489A1E}.Release|Any CPU.Build.0 = Release|Any CPU
	EndGlobalSection
	GlobalSection(SolutionProperties) = preSolution
		HideSolutionNode = FALSE
	EndGlobalSection
	GlobalSection(ExtensibilityGlobals) = postSolution
		SolutionGuid = {40FC7E52-F90B-4B4F-8255-1B7EA7035CC2}
	EndGlobalSection
EndGlobal
